
Microsoft Visual Studio Solution File, Format Version 12.00
# Visual Studio 15
VisualStudioVersion = 15.0.28010.2036
MinimumVisualStudioVersion = 10.0.40219.1
Project("{8BC9CEB8-8B4A-11D0-8D11-00A0C91BC942}") = "Project2", "Project2\Project2.vcxproj", "{DAEA8ECB-E76D-4A0A-875B-46E0AF137C9C}"
EndProject
Global
	GlobalSection(SolutionConfigurationPlatforms) = preSolution
		Debug|x64 = Debug|x64
		Debug|x86 = Debug|x86
		Release|x64 = Release|x64
		Release|x86 = Release|x86
	EndGlobalSection
	GlobalSection(ProjectConfigurationPlatforms) = postSolution
		{DAEA8ECB-E76D-4A0A-875B-46E0AF137C9C}.Debug|x64.ActiveCfg = Debug|x64
		{DAEA8ECB-E76D-4A0A-875B-46E0AF137C9C}.Debug|x64.Build.0 = Debug|x64
		{DAEA8ECB-E76D-4A0A-875B-46E0AF137C9C}.Debug|x86.ActiveCfg = Debug|Win32
		{DAEA8ECB-E76D-4A0A-875B-46E0AF137C9C}.Debug|x86.Build.0 = Debug|Win32
		{DAEA8ECB-E76D-4A0A-875B-46E0AF137C9C}.Release|x64.ActiveCfg = Release|x64
		{DAEA8ECB-E76D-4A0A-875B-46E0AF137C9C}.Release|x64.Build.0 = Release|x64
		{DAEA8ECB-E76D-4A0A-875B-46E0AF137C9C}.Release|x86.ActiveCfg = Release|Win32
		{DAEA8ECB-E76D-4A0A-875B-46E0AF137C9C}.Release|x86.Build.0 = Release|Win32
	EndGlobalSection
	GlobalSection(SolutionProperties) = preSolution
		HideSolutionNode = FALSE
	EndGlobalSection
	GlobalSection(ExtensibilityGlobals) = postSolution
		SolutionGuid = {7DC6F74D-691A-4A74-A5C5-0981BCF2CA79}
	EndGlobalSection
EndGlobal
