
Microsoft Visual Studio Solution File, Format Version 12.00
# Visual Studio 15
VisualStudioVersion = 15.0.28010.2046
MinimumVisualStudioVersion = 10.0.40219.1
Project("{FAE04EC0-301F-11D3-BF4B-00C04F79EFBC}") = "location", "location\location.csproj", "{1E7D1693-6F43-40FC-9C8E-58C451754222}"
EndProject
Global
	GlobalSection(SolutionConfigurationPlatforms) = preSolution
		Debug|Any CPU = Debug|Any CPU
		Release|Any CPU = Release|Any CPU
	EndGlobalSection
	GlobalSection(ProjectConfigurationPlatforms) = postSolution
		{1E7D1693-6F43-40FC-9C8E-58C451754222}.Debug|Any CPU.ActiveCfg = Debug|Any CPU
		{1E7D1693-6F43-40FC-9C8E-58C451754222}.Debug|Any CPU.Build.0 = Debug|Any CPU
		{1E7D1693-6F43-40FC-9C8E-58C451754222}.Release|Any CPU.ActiveCfg = Release|Any CPU
		{1E7D1693-6F43-40FC-9C8E-58C451754222}.Release|Any CPU.Build.0 = Release|Any CPU
	EndGlobalSection
	GlobalSection(SolutionProperties) = preSolution
		HideSolutionNode = FALSE
	EndGlobalSection
	GlobalSection(ExtensibilityGlobals) = postSolution
		SolutionGuid = {08C21B3E-8938-4CA0-AE15-8A51401127E7}
	EndGlobalSection
EndGlobal
